
Microsoft Visual Studio Solution File, Format Version 12.00
# Visual Studio Version 16
VisualStudioVersion = 16.0.28803.202
MinimumVisualStudioVersion = 10.0.40219.1
Project("{FAE04EC0-301F-11D3-BF4B-00C04F79EFBC}") = "Degiskenler_", "Degiskenler_\Degiskenler_.csproj", "{5174EA17-B6F1-4B5C-A7AE-54DDA433530D}"
EndProject
Global
	GlobalSection(SolutionConfigurationPlatforms) = preSolution
		Debug|Any CPU = Debug|Any CPU
		Release|Any CPU = Release|Any CPU
	EndGlobalSection
	GlobalSection(ProjectConfigurationPlatforms) = postSolution
		{5174EA17-B6F1-4B5C-A7AE-54DDA433530D}.Debug|Any CPU.ActiveCfg = Debug|Any CPU
		{5174EA17-B6F1-4B5C-A7AE-54DDA433530D}.Debug|Any CPU.Build.0 = Debug|Any CPU
		{5174EA17-B6F1-4B5C-A7AE-54DDA433530D}.Release|Any CPU.ActiveCfg = Release|Any CPU
		{5174EA17-B6F1-4B5C-A7AE-54DDA433530D}.Release|Any CPU.Build.0 = Release|Any CPU
	EndGlobalSection
	GlobalSection(SolutionProperties) = preSolution
		HideSolutionNode = FALSE
	EndGlobalSection
	GlobalSection(ExtensibilityGlobals) = postSolution
		SolutionGuid = {F7E372BB-4450-44DA-BB2C-3F426561389E}
	EndGlobalSection
EndGlobal
